// !$*UTF8*$!
{
	archiveVersion = 1;
	classes = {
	};
	objectVersion = 46;
	objects = {

/* Begin PBXBuildFile section */
		2443DC5618D662CA00C920C1 /* Foundation.framework in Frameworks */ = {isa = PBXBuildFile; fileRef = 2443DC5518D662CA00C920C1 /* Foundation.framework */; };
		2443DC5818D662CA00C920C1 /* CoreGraphics.framework in Frameworks */ = {isa = PBXBuildFile; fileRef = 2443DC5718D662CA00C920C1 /* CoreGraphics.framework */; };
		2443DC5A18D662CA00C920C1 /* UIKit.framework in Frameworks */ = {isa = PBXBuildFile; fileRef = 2443DC5918D662CA00C920C1 /* UIKit.framework */; };
		2443DC5C18D662CA00C920C1 /* SpriteKit.framework in Frameworks */ = {isa = PBXBuildFile; fileRef = 2443DC5B18D662CA00C920C1 /* SpriteKit.framework */; };
		2443DC6218D662CA00C920C1 /* InfoPlist.strings in Resources */ = {isa = PBXBuildFile; fileRef = 2443DC6018D662CA00C920C1 /* InfoPlist.strings */; };
		2443DC6418D662CA00C920C1 /* main.m in Sources */ = {isa = PBXBuildFile; fileRef = 2443DC6318D662CA00C920C1 /* main.m */; settings = {COMPILER_FLAGS = "-fobjc-arc"; }; };
		2443DC6818D662CA00C920C1 /* M2AppDelegate.m in Sources */ = {isa = PBXBuildFile; fileRef = 2443DC6718D662CA00C920C1 /* M2AppDelegate.m */; settings = {COMPILER_FLAGS = "-fobjc-arc"; }; };
		2443DC6B18D662CA00C920C1 /* Main.storyboard in Resources */ = {isa = PBXBuildFile; fileRef = 2443DC6918D662CA00C920C1 /* Main.storyboard */; };
		2443DC7518D662CA00C920C1 /* Images.xcassets in Resources */ = {isa = PBXBuildFile; fileRef = 2443DC7418D662CA00C920C1 /* Images.xcassets */; };
		2443DC7C18D662CA00C920C1 /* XCTest.framework in Frameworks */ = {isa = PBXBuildFile; fileRef = 2443DC7B18D662CA00C920C1 /* XCTest.framework */; };
		2443DC7D18D662CA00C920C1 /* Foundation.framework in Frameworks */ = {isa = PBXBuildFile; fileRef = 2443DC5518D662CA00C920C1 /* Foundation.framework */; };
		2443DC7E18D662CA00C920C1 /* UIKit.framework in Frameworks */ = {isa = PBXBuildFile; fileRef = 2443DC5918D662CA00C920C1 /* UIKit.framework */; };
		2443DC8618D662CA00C920C1 /* InfoPlist.strings in Resources */ = {isa = PBXBuildFile; fileRef = 2443DC8418D662CA00C920C1 /* InfoPlist.strings */; };
		2443DC8818D662CA00C920C1 /* m2048Tests.m in Sources */ = {isa = PBXBuildFile; fileRef = 2443DC8718D662CA00C920C1 /* m2048Tests.m */; };
		2443DC9A18D663FC00C920C1 /* M2Scene.m in Sources */ = {isa = PBXBuildFile; fileRef = 2443DC9618D663FC00C920C1 /* M2Scene.m */; settings = {COMPILER_FLAGS = "-fobjc-arc"; }; };
		2443DC9B18D663FC00C920C1 /* M2GameManager.m in Sources */ = {isa = PBXBuildFile; fileRef = 2443DC9918D663FC00C920C1 /* M2GameManager.m */; settings = {COMPILER_FLAGS = "-fobjc-arc"; }; };
		2443DCA018D6647000C920C1 /* M2SettingsViewController.m in Sources */ = {isa = PBXBuildFile; fileRef = 2443DC9F18D6647000C920C1 /* M2SettingsViewController.m */; settings = {COMPILER_FLAGS = "-fobjc-arc"; }; };
		2443DCA318D6649500C920C1 /* M2Theme.m in Sources */ = {isa = PBXBuildFile; fileRef = 2443DCA218D6649500C920C1 /* M2Theme.m */; settings = {COMPILER_FLAGS = "-fobjc-arc"; }; };
		2443DCA618D66CCC00C920C1 /* M2ViewController.m in Sources */ = {isa = PBXBuildFile; fileRef = 2443DCA518D66CCC00C920C1 /* M2ViewController.m */; settings = {COMPILER_FLAGS = "-fobjc-arc"; }; };
		2443DCAF18D6C18400C920C1 /* M2Tile.m in Sources */ = {isa = PBXBuildFile; fileRef = 2443DCAE18D6C18400C920C1 /* M2Tile.m */; settings = {COMPILER_FLAGS = "-fobjc-arc"; }; };
		24C4515B18D6DC4A0001FCFD /* M2Cell.m in Sources */ = {isa = PBXBuildFile; fileRef = 24C4515A18D6DC4A0001FCFD /* M2Cell.m */; settings = {COMPILER_FLAGS = "-fobjc-arc"; }; };
		24C4515E18D6DC740001FCFD /* M2Grid.m in Sources */ = {isa = PBXBuildFile; fileRef = 24C4515D18D6DC740001FCFD /* M2Grid.m */; settings = {COMPILER_FLAGS = "-fobjc-arc"; }; };
		24C4516418DABABE0001FCFD /* M2GlobalState.m in Sources */ = {isa = PBXBuildFile; fileRef = 24C4516218DABABE0001FCFD /* M2GlobalState.m */; settings = {COMPILER_FLAGS = "-fobjc-arc"; }; };
		24C4516818DD64A90001FCFD /* M2GridView.m in Sources */ = {isa = PBXBuildFile; fileRef = 24C4516718DD64A90001FCFD /* M2GridView.m */; settings = {COMPILER_FLAGS = "-fobjc-arc"; }; };
		24C4517018DFF10B0001FCFD /* M2ScoreView.m in Sources */ = {isa = PBXBuildFile; fileRef = 24C4516F18DFF10B0001FCFD /* M2ScoreView.m */; settings = {COMPILER_FLAGS = "-fobjc-arc"; }; };
		24C4517318E140AE0001FCFD /* M2SettingsDetailViewController.m in Sources */ = {isa = PBXBuildFile; fileRef = 24C4517218E140AE0001FCFD /* M2SettingsDetailViewController.m */; settings = {COMPILER_FLAGS = "-fobjc-arc"; }; };
		24C4518118E265390001FCFD /* M2Overlay.m in Sources */ = {isa = PBXBuildFile; fileRef = 24C4518018E265390001FCFD /* M2Overlay.m */; settings = {COMPILER_FLAGS = "-fobjc-arc"; }; };
		E93AED3C191D264B001B2199 /* Appirater.m in Sources */ = {isa = PBXBuildFile; fileRef = E93AED3B191D264B001B2199 /* Appirater.m */; };
		E93AED3E191D277E001B2199 /* SystemConfiguration.framework in Frameworks */ = {isa = PBXBuildFile; fileRef = E93AED3D191D277E001B2199 /* SystemConfiguration.framework */; };
		E93AED40191D2804001B2199 /* StoreKit.framework in Frameworks */ = {isa = PBXBuildFile; fileRef = E93AED3F191D2804001B2199 /* StoreKit.framework */; };
		E93AED42191D280D001B2199 /* CFNetwork.framework in Frameworks */ = {isa = PBXBuildFile; fileRef = E93AED41191D280D001B2199 /* CFNetwork.framework */; };
		E93AED59191D3A56001B2199 /* GameCenterManager.m in Sources */ = {isa = PBXBuildFile; fileRef = E93AED58191D3A56001B2199 /* GameCenterManager.m */; };
		E93AED97191E48FA001B2199 /* NSData+MKBase64.m in Sources */ = {isa = PBXBuildFile; fileRef = E93AED83191E48FA001B2199 /* NSData+MKBase64.m */; settings = {COMPILER_FLAGS = "-fobjc-arc"; }; };
		E93AED98191E48FA001B2199 /* SFHFKeychainUtils.m in Sources */ = {isa = PBXBuildFile; fileRef = E93AED85191E48FA001B2199 /* SFHFKeychainUtils.m */; settings = {COMPILER_FLAGS = "-fobjc-arc"; }; };
		E93AED99191E48FB001B2199 /* MKSKProduct.m in Sources */ = {isa = PBXBuildFile; fileRef = E93AED87191E48FA001B2199 /* MKSKProduct.m */; settings = {COMPILER_FLAGS = "-fobjc-arc"; }; };
		E93AED9A191E48FB001B2199 /* MKSKSubscriptionProduct.m in Sources */ = {isa = PBXBuildFile; fileRef = E93AED89191E48FA001B2199 /* MKSKSubscriptionProduct.m */; settings = {COMPILER_FLAGS = "-fobjc-arc"; }; };
		E93AED9B191E48FB001B2199 /* MKStoreKitConfigs.plist in Resources */ = {isa = PBXBuildFile; fileRef = E93AED8B191E48FA001B2199 /* MKStoreKitConfigs.plist */; };
		E93AED9C191E48FB001B2199 /* MKStoreManager.m in Sources */ = {isa = PBXBuildFile; fileRef = E93AED8D191E48FA001B2199 /* MKStoreManager.m */; settings = {COMPILER_FLAGS = "-fobjc-arc"; }; };
		E93AED9D191E48FB001B2199 /* README.mdown in Resources */ = {isa = PBXBuildFile; fileRef = E93AED8E191E48FA001B2199 /* README.mdown */; };
		E93AED9E191E48FB001B2199 /* AddDevice.html in Resources */ = {isa = PBXBuildFile; fileRef = E93AED90191E48FA001B2199 /* AddDevice.html */; };
		E93AED9F191E48FB001B2199 /* DBSetup.sql in Resources */ = {isa = PBXBuildFile; fileRef = E93AED91191E48FA001B2199 /* DBSetup.sql */; };
		E93AEDA0191E48FB001B2199 /* featureCheck.php in Resources */ = {isa = PBXBuildFile; fileRef = E93AED92191E48FA001B2199 /* featureCheck.php */; };
		E93AEDA1191E48FB001B2199 /* requestAccess.php in Resources */ = {isa = PBXBuildFile; fileRef = E93AED93191E48FA001B2199 /* requestAccess.php */; };
		E93AEDA2191E48FB001B2199 /* verifyProduct.php in Resources */ = {isa = PBXBuildFile; fileRef = E93AED94191E48FA001B2199 /* verifyProduct.php */; };
		E93AEDA3191E48FB001B2199 /* VerificationController.m in Sources */ = {isa = PBXBuildFile; fileRef = E93AED96191E48FA001B2199 /* VerificationController.m */; settings = {COMPILER_FLAGS = "-fobjc-arc"; }; };
		E93AEDAC191E84EE001B2199 /* InfoPlist.strings in Resources */ = {isa = PBXBuildFile; fileRef = E93AEDA6191E84EE001B2199 /* InfoPlist.strings */; };
		E93AEDAD191E84EE001B2199 /* Localizable.strings in Resources */ = {isa = PBXBuildFile; fileRef = E93AEDA8191E84EE001B2199 /* Localizable.strings */; };
		E93AEDAE191E84EE001B2199 /* Main.strings in Resources */ = {isa = PBXBuildFile; fileRef = E93AEDAA191E84EE001B2199 /* Main.strings */; };
		E93AEDB6191E8502001B2199 /* InfoPlist.strings in Resources */ = {isa = PBXBuildFile; fileRef = E93AEDB0191E8502001B2199 /* InfoPlist.strings */; };
		E93AEDB7191E8502001B2199 /* Localizable.strings in Resources */ = {isa = PBXBuildFile; fileRef = E93AEDB2191E8502001B2199 /* Localizable.strings */; };
		E93AEDB8191E8502001B2199 /* Main.strings in Resources */ = {isa = PBXBuildFile; fileRef = E93AEDB4191E8502001B2199 /* Main.strings */; };
		E9413AEE19212709007FABFB /* M2ViewController.m in Sources */ = {isa = PBXBuildFile; fileRef = 2443DCA518D66CCC00C920C1 /* M2ViewController.m */; settings = {COMPILER_FLAGS = "-fobjc-arc"; }; };
		E9413AEF19212709007FABFB /* main.m in Sources */ = {isa = PBXBuildFile; fileRef = 2443DC6318D662CA00C920C1 /* main.m */; settings = {COMPILER_FLAGS = "-fobjc-arc"; }; };
		E9413AF019212709007FABFB /* M2Cell.m in Sources */ = {isa = PBXBuildFile; fileRef = 24C4515A18D6DC4A0001FCFD /* M2Cell.m */; settings = {COMPILER_FLAGS = "-fobjc-arc"; }; };
		E9413AF119212709007FABFB /* M2GridView.m in Sources */ = {isa = PBXBuildFile; fileRef = 24C4516718DD64A90001FCFD /* M2GridView.m */; settings = {COMPILER_FLAGS = "-fobjc-arc"; }; };
		E9413AF219212709007FABFB /* M2Scene.m in Sources */ = {isa = PBXBuildFile; fileRef = 2443DC9618D663FC00C920C1 /* M2Scene.m */; settings = {COMPILER_FLAGS = "-fobjc-arc"; }; };
		E9413AF319212709007FABFB /* M2Grid.m in Sources */ = {isa = PBXBuildFile; fileRef = 24C4515D18D6DC740001FCFD /* M2Grid.m */; settings = {COMPILER_FLAGS = "-fobjc-arc"; }; };
		E9413AF419212709007FABFB /* M2Overlay.m in Sources */ = {isa = PBXBuildFile; fileRef = 24C4518018E265390001FCFD /* M2Overlay.m */; settings = {COMPILER_FLAGS = "-fobjc-arc"; }; };
		E9413AF519212709007FABFB /* M2Tile.m in Sources */ = {isa = PBXBuildFile; fileRef = 2443DCAE18D6C18400C920C1 /* M2Tile.m */; settings = {COMPILER_FLAGS = "-fobjc-arc"; }; };
		E9413AF619212709007FABFB /* M2SettingsViewController.m in Sources */ = {isa = PBXBuildFile; fileRef = 2443DC9F18D6647000C920C1 /* M2SettingsViewController.m */; settings = {COMPILER_FLAGS = "-fobjc-arc"; }; };
		E9413AF719212709007FABFB /* M2ScoreView.m in Sources */ = {isa = PBXBuildFile; fileRef = 24C4516F18DFF10B0001FCFD /* M2ScoreView.m */; settings = {COMPILER_FLAGS = "-fobjc-arc"; }; };
		E9413AF819212709007FABFB /* M2Theme.m in Sources */ = {isa = PBXBuildFile; fileRef = 2443DCA218D6649500C920C1 /* M2Theme.m */; settings = {COMPILER_FLAGS = "-fobjc-arc"; }; };
		E9413AF919212709007FABFB /* NSData+MKBase64.m in Sources */ = {isa = PBXBuildFile; fileRef = E93AED83191E48FA001B2199 /* NSData+MKBase64.m */; settings = {COMPILER_FLAGS = "-fobjc-arc"; }; };
		E9413AFA19212709007FABFB /* M2SettingsDetailViewController.m in Sources */ = {isa = PBXBuildFile; fileRef = 24C4517218E140AE0001FCFD /* M2SettingsDetailViewController.m */; settings = {COMPILER_FLAGS = "-fobjc-arc"; }; };
		E9413AFB19212709007FABFB /* VerificationController.m in Sources */ = {isa = PBXBuildFile; fileRef = E93AED96191E48FA001B2199 /* VerificationController.m */; settings = {COMPILER_FLAGS = "-fobjc-arc"; }; };
		E9413AFC19212709007FABFB /* M2GlobalState.m in Sources */ = {isa = PBXBuildFile; fileRef = 24C4516218DABABE0001FCFD /* M2GlobalState.m */; settings = {COMPILER_FLAGS = "-fobjc-arc"; }; };
		E9413AFD19212709007FABFB /* SFHFKeychainUtils.m in Sources */ = {isa = PBXBuildFile; fileRef = E93AED85191E48FA001B2199 /* SFHFKeychainUtils.m */; settings = {COMPILER_FLAGS = "-fobjc-arc"; }; };
		E9413AFE19212709007FABFB /* M2AppDelegate.m in Sources */ = {isa = PBXBuildFile; fileRef = 2443DC6718D662CA00C920C1 /* M2AppDelegate.m */; settings = {COMPILER_FLAGS = "-fobjc-arc"; }; };
		E9413AFF19212709007FABFB /* Appirater.m in Sources */ = {isa = PBXBuildFile; fileRef = E93AED3B191D264B001B2199 /* Appirater.m */; };
		E9413B0019212709007FABFB /* MKStoreManager.m in Sources */ = {isa = PBXBuildFile; fileRef = E93AED8D191E48FA001B2199 /* MKStoreManager.m */; settings = {COMPILER_FLAGS = "-fobjc-arc"; }; };
		E9413B0119212709007FABFB /* M2GameManager.m in Sources */ = {isa = PBXBuildFile; fileRef = 2443DC9918D663FC00C920C1 /* M2GameManager.m */; settings = {COMPILER_FLAGS = "-fobjc-arc"; }; };
		E9413B0219212709007FABFB /* GameCenterManager.m in Sources */ = {isa = PBXBuildFile; fileRef = E93AED58191D3A56001B2199 /* GameCenterManager.m */; };
		E9413B0319212709007FABFB /* MKSKSubscriptionProduct.m in Sources */ = {isa = PBXBuildFile; fileRef = E93AED89191E48FA001B2199 /* MKSKSubscriptionProduct.m */; settings = {COMPILER_FLAGS = "-fobjc-arc"; }; };
		E9413B0419212709007FABFB /* MKSKProduct.m in Sources */ = {isa = PBXBuildFile; fileRef = E93AED87191E48FA001B2199 /* MKSKProduct.m */; settings = {COMPILER_FLAGS = "-fobjc-arc"; }; };
		E9413B0619212709007FABFB /* CFNetwork.framework in Frameworks */ = {isa = PBXBuildFile; fileRef = E93AED41191D280D001B2199 /* CFNetwork.framework */; };
		E9413B0719212709007FABFB /* StoreKit.framework in Frameworks */ = {isa = PBXBuildFile; fileRef = E93AED3F191D2804001B2199 /* StoreKit.framework */; };
		E9413B0819212709007FABFB /* SystemConfiguration.framework in Frameworks */ = {isa = PBXBuildFile; fileRef = E93AED3D191D277E001B2199 /* SystemConfiguration.framework */; };
		E9413B0919212709007FABFB /* CoreGraphics.framework in Frameworks */ = {isa = PBXBuildFile; fileRef = 2443DC5718D662CA00C920C1 /* CoreGraphics.framework */; };
		E9413B0A19212709007FABFB /* UIKit.framework in Frameworks */ = {isa = PBXBuildFile; fileRef = 2443DC5918D662CA00C920C1 /* UIKit.framework */; };
		E9413B0B19212709007FABFB /* SpriteKit.framework in Frameworks */ = {isa = PBXBuildFile; fileRef = 2443DC5B18D662CA00C920C1 /* SpriteKit.framework */; };
		E9413B0C19212709007FABFB /* Foundation.framework in Frameworks */ = {isa = PBXBuildFile; fileRef = 2443DC5518D662CA00C920C1 /* Foundation.framework */; };
		E9413B0F19212709007FABFB /* featureCheck.php in Resources */ = {isa = PBXBuildFile; fileRef = E93AED92191E48FA001B2199 /* featureCheck.php */; };
		E9413B1119212709007FABFB /* Localizable.strings in Resources */ = {isa = PBXBuildFile; fileRef = E93AEDA8191E84EE001B2199 /* Localizable.strings */; };
		E9413B1219212709007FABFB /* DBSetup.sql in Resources */ = {isa = PBXBuildFile; fileRef = E93AED91191E48FA001B2199 /* DBSetup.sql */; };
		E9413B1319212709007FABFB /* InfoPlist.strings in Resources */ = {isa = PBXBuildFile; fileRef = 2443DC6018D662CA00C920C1 /* InfoPlist.strings */; };
		E9413B1419212709007FABFB /* Images.xcassets in Resources */ = {isa = PBXBuildFile; fileRef = 2443DC7418D662CA00C920C1 /* Images.xcassets */; };
		E9413B1519212709007FABFB /* Main.storyboard in Resources */ = {isa = PBXBuildFile; fileRef = 2443DC6918D662CA00C920C1 /* Main.storyboard */; };
		E9413B1619212709007FABFB /* MKStoreKitConfigs.plist in Resources */ = {isa = PBXBuildFile; fileRef = E93AED8B191E48FA001B2199 /* MKStoreKitConfigs.plist */; };
		E9413B1719212709007FABFB /* AddDevice.html in Resources */ = {isa = PBXBuildFile; fileRef = E93AED90191E48FA001B2199 /* AddDevice.html */; };
		E9413B1819212709007FABFB /* Main.strings in Resources */ = {isa = PBXBuildFile; fileRef = E93AEDB4191E8502001B2199 /* Main.strings */; };
		E9413B1919212709007FABFB /* verifyProduct.php in Resources */ = {isa = PBXBuildFile; fileRef = E93AED94191E48FA001B2199 /* verifyProduct.php */; };
		E9413B1A19212709007FABFB /* Localizable.strings in Resources */ = {isa = PBXBuildFile; fileRef = E93AEDB2191E8502001B2199 /* Localizable.strings */; };
		E9413B1B19212709007FABFB /* requestAccess.php in Resources */ = {isa = PBXBuildFile; fileRef = E93AED93191E48FA001B2199 /* requestAccess.php */; };
		E9413B1C19212709007FABFB /* Main.strings in Resources */ = {isa = PBXBuildFile; fileRef = E93AEDAA191E84EE001B2199 /* Main.strings */; };
		E9413B1E19212709007FABFB /* README.mdown in Resources */ = {isa = PBXBuildFile; fileRef = E93AED8E191E48FA001B2199 /* README.mdown */; };
		E9413B3419212C52007FABFB /* MKStoreKitConfigs_iPad.plist in Resources */ = {isa = PBXBuildFile; fileRef = E9413B3319212C52007FABFB /* MKStoreKitConfigs_iPad.plist */; };
		E9413B4E19213540007FABFB /* InfoPlist.strings in Resources */ = {isa = PBXBuildFile; fileRef = E9413B4819213540007FABFB /* InfoPlist.strings */; };
		E9413B4F19213540007FABFB /* Localizable.strings in Resources */ = {isa = PBXBuildFile; fileRef = E9413B4A19213540007FABFB /* Localizable.strings */; };
		E9413B5019213540007FABFB /* Main.strings in Resources */ = {isa = PBXBuildFile; fileRef = E9413B4C19213540007FABFB /* Main.strings */; };
		E9413B591921357D007FABFB /* InfoPlist.strings in Resources */ = {isa = PBXBuildFile; fileRef = E9413B531921357D007FABFB /* InfoPlist.strings */; };
		E9413B5A1921357D007FABFB /* Localizable.strings in Resources */ = {isa = PBXBuildFile; fileRef = E9413B551921357D007FABFB /* Localizable.strings */; };
		E9413B5B1921357D007FABFB /* Main.strings in Resources */ = {isa = PBXBuildFile; fileRef = E9413B571921357D007FABFB /* Main.strings */; };
		E9F0EE6219225B9C00CA2B8A /* Main_iPad.storyboard in Resources */ = {isa = PBXBuildFile; fileRef = E9F0EE6019225B9C00CA2B8A /* Main_iPad.storyboard */; };
/* End PBXBuildFile section */

/* Begin PBXContainerItemProxy section */
		2443DC7F18D662CA00C920C1 /* PBXContainerItemProxy */ = {
			isa = PBXContainerItemProxy;
			containerPortal = 2443DC4A18D662CA00C920C1 /* Project object */;
			proxyType = 1;
			remoteGlobalIDString = 2443DC5118D662CA00C920C1;
			remoteInfo = m2048;
		};
/* End PBXContainerItemProxy section */

/* Begin PBXFileReference section */
		2443DC5218D662CA00C920C1 /* m2048.app */ = {isa = PBXFileReference; explicitFileType = wrapper.application; includeInIndex = 0; path = m2048.app; sourceTree = BUILT_PRODUCTS_DIR; };
		2443DC5518D662CA00C920C1 /* Foundation.framework */ = {isa = PBXFileReference; lastKnownFileType = wrapper.framework; name = Foundation.framework; path = System/Library/Frameworks/Foundation.framework; sourceTree = SDKROOT; };
		2443DC5718D662CA00C920C1 /* CoreGraphics.framework */ = {isa = PBXFileReference; lastKnownFileType = wrapper.framework; name = CoreGraphics.framework; path = System/Library/Frameworks/CoreGraphics.framework; sourceTree = SDKROOT; };
		2443DC5918D662CA00C920C1 /* UIKit.framework */ = {isa = PBXFileReference; lastKnownFileType = wrapper.framework; name = UIKit.framework; path = System/Library/Frameworks/UIKit.framework; sourceTree = SDKROOT; };
		2443DC5B18D662CA00C920C1 /* SpriteKit.framework */ = {isa = PBXFileReference; lastKnownFileType = wrapper.framework; name = SpriteKit.framework; path = System/Library/Frameworks/SpriteKit.framework; sourceTree = SDKROOT; };
		2443DC5F18D662CA00C920C1 /* m2048-Info.plist */ = {isa = PBXFileReference; lastKnownFileType = text.plist.xml; path = "m2048-Info.plist"; sourceTree = "<group>"; };
		2443DC6118D662CA00C920C1 /* en */ = {isa = PBXFileReference; lastKnownFileType = text.plist.strings; name = en; path = en.lproj/InfoPlist.strings; sourceTree = "<group>"; };
		2443DC6318D662CA00C920C1 /* main.m */ = {isa = PBXFileReference; lastKnownFileType = sourcecode.c.objc; path = main.m; sourceTree = "<group>"; };
		2443DC6518D662CA00C920C1 /* m2048-Prefix.pch */ = {isa = PBXFileReference; lastKnownFileType = sourcecode.c.h; path = "m2048-Prefix.pch"; sourceTree = "<group>"; };
		2443DC6618D662CA00C920C1 /* M2AppDelegate.h */ = {isa = PBXFileReference; lastKnownFileType = sourcecode.c.h; path = M2AppDelegate.h; sourceTree = "<group>"; };
		2443DC6718D662CA00C920C1 /* M2AppDelegate.m */ = {isa = PBXFileReference; lastKnownFileType = sourcecode.c.objc; path = M2AppDelegate.m; sourceTree = "<group>"; };
		2443DC6A18D662CA00C920C1 /* Base */ = {isa = PBXFileReference; lastKnownFileType = file.storyboard; name = Base; path = Base.lproj/Main.storyboard; sourceTree = "<group>"; };
		2443DC7418D662CA00C920C1 /* Images.xcassets */ = {isa = PBXFileReference; lastKnownFileType = folder.assetcatalog; path = Images.xcassets; sourceTree = "<group>"; };
		2443DC7A18D662CA00C920C1 /* m2048Tests.xctest */ = {isa = PBXFileReference; explicitFileType = wrapper.cfbundle; includeInIndex = 0; path = m2048Tests.xctest; sourceTree = BUILT_PRODUCTS_DIR; };
		2443DC7B18D662CA00C920C1 /* XCTest.framework */ = {isa = PBXFileReference; lastKnownFileType = wrapper.framework; name = XCTest.framework; path = Library/Frameworks/XCTest.framework; sourceTree = DEVELOPER_DIR; };
		2443DC8318D662CA00C920C1 /* m2048Tests-Info.plist */ = {isa = PBXFileReference; lastKnownFileType = text.plist.xml; path = "m2048Tests-Info.plist"; sourceTree = "<group>"; };
		2443DC8518D662CA00C920C1 /* en */ = {isa = PBXFileReference; lastKnownFileType = text.plist.strings; name = en; path = en.lproj/InfoPlist.strings; sourceTree = "<group>"; };
		2443DC8718D662CA00C920C1 /* m2048Tests.m */ = {isa = PBXFileReference; lastKnownFileType = sourcecode.c.objc; path = m2048Tests.m; sourceTree = "<group>"; };
		2443DC9518D663FC00C920C1 /* M2Scene.h */ = {isa = PBXFileReference; fileEncoding = 4; lastKnownFileType = sourcecode.c.h; path = M2Scene.h; sourceTree = "<group>"; };
		2443DC9618D663FC00C920C1 /* M2Scene.m */ = {isa = PBXFileReference; fileEncoding = 4; lastKnownFileType = sourcecode.c.objc; path = M2Scene.m; sourceTree = "<group>"; };
		2443DC9818D663FC00C920C1 /* M2GameManager.h */ = {isa = PBXFileReference; fileEncoding = 4; lastKnownFileType = sourcecode.c.h; path = M2GameManager.h; sourceTree = "<group>"; };
		2443DC9918D663FC00C920C1 /* M2GameManager.m */ = {isa = PBXFileReference; fileEncoding = 4; lastKnownFileType = sourcecode.c.objc; path = M2GameManager.m; sourceTree = "<group>"; };
		2443DC9E18D6647000C920C1 /* M2SettingsViewController.h */ = {isa = PBXFileReference; fileEncoding = 4; lastKnownFileType = sourcecode.c.h; path = M2SettingsViewController.h; sourceTree = "<group>"; };
		2443DC9F18D6647000C920C1 /* M2SettingsViewController.m */ = {isa = PBXFileReference; fileEncoding = 4; lastKnownFileType = sourcecode.c.objc; path = M2SettingsViewController.m; sourceTree = "<group>"; };
		2443DCA118D6649500C920C1 /* M2Theme.h */ = {isa = PBXFileReference; fileEncoding = 4; lastKnownFileType = sourcecode.c.h; path = M2Theme.h; sourceTree = "<group>"; };
		2443DCA218D6649500C920C1 /* M2Theme.m */ = {isa = PBXFileReference; fileEncoding = 4; lastKnownFileType = sourcecode.c.objc; path = M2Theme.m; sourceTree = "<group>"; };
		2443DCA418D66CCC00C920C1 /* M2ViewController.h */ = {isa = PBXFileReference; fileEncoding = 4; lastKnownFileType = sourcecode.c.h; path = M2ViewController.h; sourceTree = "<group>"; };
		2443DCA518D66CCC00C920C1 /* M2ViewController.m */ = {isa = PBXFileReference; fileEncoding = 4; lastKnownFileType = sourcecode.c.objc; path = M2ViewController.m; sourceTree = "<group>"; };
		2443DCAD18D6C18400C920C1 /* M2Tile.h */ = {isa = PBXFileReference; fileEncoding = 4; lastKnownFileType = sourcecode.c.h; path = M2Tile.h; sourceTree = "<group>"; };
		2443DCAE18D6C18400C920C1 /* M2Tile.m */ = {isa = PBXFileReference; fileEncoding = 4; lastKnownFileType = sourcecode.c.objc; path = M2Tile.m; sourceTree = "<group>"; };
		24C4515918D6DC4A0001FCFD /* M2Cell.h */ = {isa = PBXFileReference; fileEncoding = 4; lastKnownFileType = sourcecode.c.h; path = M2Cell.h; sourceTree = "<group>"; };
		24C4515A18D6DC4A0001FCFD /* M2Cell.m */ = {isa = PBXFileReference; fileEncoding = 4; lastKnownFileType = sourcecode.c.objc; path = M2Cell.m; sourceTree = "<group>"; };
		24C4515C18D6DC740001FCFD /* M2Grid.h */ = {isa = PBXFileReference; fileEncoding = 4; lastKnownFileType = sourcecode.c.h; path = M2Grid.h; sourceTree = "<group>"; };
		24C4515D18D6DC740001FCFD /* M2Grid.m */ = {isa = PBXFileReference; fileEncoding = 4; lastKnownFileType = sourcecode.c.objc; path = M2Grid.m; sourceTree = "<group>"; };
		24C4516118DABABE0001FCFD /* M2GlobalState.h */ = {isa = PBXFileReference; fileEncoding = 4; lastKnownFileType = sourcecode.c.h; path = M2GlobalState.h; sourceTree = "<group>"; };
		24C4516218DABABE0001FCFD /* M2GlobalState.m */ = {isa = PBXFileReference; fileEncoding = 4; lastKnownFileType = sourcecode.c.objc; path = M2GlobalState.m; sourceTree = "<group>"; };
		24C4516318DABABE0001FCFD /* M2Position.h */ = {isa = PBXFileReference; fileEncoding = 4; lastKnownFileType = sourcecode.c.h; path = M2Position.h; sourceTree = "<group>"; };
		24C4516618DD64A90001FCFD /* M2GridView.h */ = {isa = PBXFileReference; fileEncoding = 4; lastKnownFileType = sourcecode.c.h; path = M2GridView.h; sourceTree = "<group>"; };
		24C4516718DD64A90001FCFD /* M2GridView.m */ = {isa = PBXFileReference; fileEncoding = 4; lastKnownFileType = sourcecode.c.objc; path = M2GridView.m; sourceTree = "<group>"; };
		24C4516E18DFF10B0001FCFD /* M2ScoreView.h */ = {isa = PBXFileReference; fileEncoding = 4; lastKnownFileType = sourcecode.c.h; path = M2ScoreView.h; sourceTree = "<group>"; };
		24C4516F18DFF10B0001FCFD /* M2ScoreView.m */ = {isa = PBXFileReference; fileEncoding = 4; lastKnownFileType = sourcecode.c.objc; path = M2ScoreView.m; sourceTree = "<group>"; };
		24C4517118E140AE0001FCFD /* M2SettingsDetailViewController.h */ = {isa = PBXFileReference; fileEncoding = 4; lastKnownFileType = sourcecode.c.h; path = M2SettingsDetailViewController.h; sourceTree = "<group>"; };
		24C4517218E140AE0001FCFD /* M2SettingsDetailViewController.m */ = {isa = PBXFileReference; fileEncoding = 4; lastKnownFileType = sourcecode.c.objc; path = M2SettingsDetailViewController.m; sourceTree = "<group>"; };
		24C4517F18E265390001FCFD /* M2Overlay.h */ = {isa = PBXFileReference; fileEncoding = 4; lastKnownFileType = sourcecode.c.h; path = M2Overlay.h; sourceTree = "<group>"; };
		24C4518018E265390001FCFD /* M2Overlay.m */ = {isa = PBXFileReference; fileEncoding = 4; lastKnownFileType = sourcecode.c.objc; path = M2Overlay.m; sourceTree = "<group>"; };
		E93AED3A191D264B001B2199 /* Appirater.h */ = {isa = PBXFileReference; fileEncoding = 4; lastKnownFileType = sourcecode.c.h; path = Appirater.h; sourceTree = "<group>"; };
		E93AED3B191D264B001B2199 /* Appirater.m */ = {isa = PBXFileReference; fileEncoding = 4; lastKnownFileType = sourcecode.c.objc; path = Appirater.m; sourceTree = "<group>"; };
		E93AED3D191D277E001B2199 /* SystemConfiguration.framework */ = {isa = PBXFileReference; lastKnownFileType = wrapper.framework; name = SystemConfiguration.framework; path = System/Library/Frameworks/SystemConfiguration.framework; sourceTree = SDKROOT; };
		E93AED3F191D2804001B2199 /* StoreKit.framework */ = {isa = PBXFileReference; lastKnownFileType = wrapper.framework; name = StoreKit.framework; path = System/Library/Frameworks/StoreKit.framework; sourceTree = SDKROOT; };
		E93AED41191D280D001B2199 /* CFNetwork.framework */ = {isa = PBXFileReference; lastKnownFileType = wrapper.framework; name = CFNetwork.framework; path = System/Library/Frameworks/CFNetwork.framework; sourceTree = SDKROOT; };
		E93AED57191D3A56001B2199 /* GameCenterManager.h */ = {isa = PBXFileReference; fileEncoding = 4; lastKnownFileType = sourcecode.c.h; path = GameCenterManager.h; sourceTree = "<group>"; };
		E93AED58191D3A56001B2199 /* GameCenterManager.m */ = {isa = PBXFileReference; fileEncoding = 4; lastKnownFileType = sourcecode.c.objc; path = GameCenterManager.m; sourceTree = "<group>"; };
		E93AED5D191E02A5001B2199 /* zh-Hans */ = {isa = PBXFileReference; lastKnownFileType = text.plist.strings; name = "zh-Hans"; path = "zh-Hans.lproj/InfoPlist.strings"; sourceTree = "<group>"; };
		E93AED5E191E02A5001B2199 /* zh-Hans */ = {isa = PBXFileReference; lastKnownFileType = text.plist.strings; name = "zh-Hans"; path = "zh-Hans.lproj/InfoPlist.strings"; sourceTree = "<group>"; };
		E93AED60191E0379001B2199 /* zh-Hans */ = {isa = PBXFileReference; lastKnownFileType = text.plist.strings; name = "zh-Hans"; path = "zh-Hans.lproj/Main.strings"; sourceTree = "<group>"; };
		E93AED62191E037D001B2199 /* en */ = {isa = PBXFileReference; lastKnownFileType = text.plist.strings; name = en; path = en.lproj/Main.strings; sourceTree = "<group>"; };
		E93AED82191E48FA001B2199 /* NSData+MKBase64.h */ = {isa = PBXFileReference; fileEncoding = 4; lastKnownFileType = sourcecode.c.h; path = "NSData+MKBase64.h"; sourceTree = "<group>"; };
		E93AED83191E48FA001B2199 /* NSData+MKBase64.m */ = {isa = PBXFileReference; fileEncoding = 4; lastKnownFileType = sourcecode.c.objc; path = "NSData+MKBase64.m"; sourceTree = "<group>"; };
		E93AED84191E48FA001B2199 /* SFHFKeychainUtils.h */ = {isa = PBXFileReference; fileEncoding = 4; lastKnownFileType = sourcecode.c.h; path = SFHFKeychainUtils.h; sourceTree = "<group>"; };
		E93AED85191E48FA001B2199 /* SFHFKeychainUtils.m */ = {isa = PBXFileReference; fileEncoding = 4; lastKnownFileType = sourcecode.c.objc; path = SFHFKeychainUtils.m; sourceTree = "<group>"; };
		E93AED86191E48FA001B2199 /* MKSKProduct.h */ = {isa = PBXFileReference; fileEncoding = 4; lastKnownFileType = sourcecode.c.h; path = MKSKProduct.h; sourceTree = "<group>"; };
		E93AED87191E48FA001B2199 /* MKSKProduct.m */ = {isa = PBXFileReference; fileEncoding = 4; lastKnownFileType = sourcecode.c.objc; path = MKSKProduct.m; sourceTree = "<group>"; };
		E93AED88191E48FA001B2199 /* MKSKSubscriptionProduct.h */ = {isa = PBXFileReference; fileEncoding = 4; lastKnownFileType = sourcecode.c.h; path = MKSKSubscriptionProduct.h; sourceTree = "<group>"; };
		E93AED89191E48FA001B2199 /* MKSKSubscriptionProduct.m */ = {isa = PBXFileReference; fileEncoding = 4; lastKnownFileType = sourcecode.c.objc; path = MKSKSubscriptionProduct.m; sourceTree = "<group>"; };
		E93AED8A191E48FA001B2199 /* MKStoreKitConfigs.h */ = {isa = PBXFileReference; fileEncoding = 4; lastKnownFileType = sourcecode.c.h; path = MKStoreKitConfigs.h; sourceTree = "<group>"; };
		E93AED8B191E48FA001B2199 /* MKStoreKitConfigs.plist */ = {isa = PBXFileReference; fileEncoding = 4; lastKnownFileType = text.plist.xml; path = MKStoreKitConfigs.plist; sourceTree = "<group>"; };
		E93AED8C191E48FA001B2199 /* MKStoreManager.h */ = {isa = PBXFileReference; fileEncoding = 4; lastKnownFileType = sourcecode.c.h; path = MKStoreManager.h; sourceTree = "<group>"; };
		E93AED8D191E48FA001B2199 /* MKStoreManager.m */ = {isa = PBXFileReference; fileEncoding = 4; lastKnownFileType = sourcecode.c.objc; path = MKStoreManager.m; sourceTree = "<group>"; };
		E93AED8E191E48FA001B2199 /* README.mdown */ = {isa = PBXFileReference; fileEncoding = 4; lastKnownFileType = text; path = README.mdown; sourceTree = "<group>"; };
		E93AED90191E48FA001B2199 /* AddDevice.html */ = {isa = PBXFileReference; fileEncoding = 4; lastKnownFileType = text.html; path = AddDevice.html; sourceTree = "<group>"; };
		E93AED91191E48FA001B2199 /* DBSetup.sql */ = {isa = PBXFileReference; fileEncoding = 4; lastKnownFileType = text; path = DBSetup.sql; sourceTree = "<group>"; };
		E93AED92191E48FA001B2199 /* featureCheck.php */ = {isa = PBXFileReference; fileEncoding = 4; lastKnownFileType = text.script.php; path = featureCheck.php; sourceTree = "<group>"; };
		E93AED93191E48FA001B2199 /* requestAccess.php */ = {isa = PBXFileReference; fileEncoding = 4; lastKnownFileType = text.script.php; path = requestAccess.php; sourceTree = "<group>"; };
		E93AED94191E48FA001B2199 /* verifyProduct.php */ = {isa = PBXFileReference; fileEncoding = 4; lastKnownFileType = text.script.php; path = verifyProduct.php; sourceTree = "<group>"; };
		E93AED95191E48FA001B2199 /* VerificationController.h */ = {isa = PBXFileReference; fileEncoding = 4; lastKnownFileType = sourcecode.c.h; path = VerificationController.h; sourceTree = "<group>"; };
		E93AED96191E48FA001B2199 /* VerificationController.m */ = {isa = PBXFileReference; fileEncoding = 4; lastKnownFileType = sourcecode.c.objc; path = VerificationController.m; sourceTree = "<group>"; };
		E93AEDA4191E60D8001B2199 /* m2048.entitlements */ = {isa = PBXFileReference; lastKnownFileType = text.xml; path = m2048.entitlements; sourceTree = "<group>"; };
		E93AEDA7191E84EE001B2199 /* zh-Hans */ = {isa = PBXFileReference; lastKnownFileType = text.plist.strings; name = "zh-Hans"; path = InfoPlist.strings; sourceTree = "<group>"; };
		E93AEDA9191E84EE001B2199 /* zh-Hans */ = {isa = PBXFileReference; lastKnownFileType = text.plist.strings; name = "zh-Hans"; path = Localizable.strings; sourceTree = "<group>"; };
		E93AEDAB191E84EE001B2199 /* zh-Hans */ = {isa = PBXFileReference; lastKnownFileType = text.plist.strings; name = "zh-Hans"; path = Main.strings; sourceTree = "<group>"; };
		E93AEDB1191E8502001B2199 /* en */ = {isa = PBXFileReference; lastKnownFileType = text.plist.strings; name = en; path = InfoPlist.strings; sourceTree = "<group>"; };
		E93AEDB3191E8502001B2199 /* en */ = {isa = PBXFileReference; lastKnownFileType = text.plist.strings; name = en; path = Localizable.strings; sourceTree = "<group>"; };
		E93AEDB5191E8502001B2199 /* en */ = {isa = PBXFileReference; lastKnownFileType = text.plist.strings; name = en; path = Main.strings; sourceTree = "<group>"; };
		E9413B2219212709007FABFB /* m2048-iPad.app */ = {isa = PBXFileReference; explicitFileType = wrapper.application; includeInIndex = 0; path = "m2048-iPad.app"; sourceTree = BUILT_PRODUCTS_DIR; };
		E9413B241921270A007FABFB /* m2048 copy-Info.plist */ = {isa = PBXFileReference; lastKnownFileType = text.plist.xml; name = "m2048 copy-Info.plist"; path = "/Users/jlstmac/Documents/Dev/2048/m2048 copy-Info.plist"; sourceTree = "<absolute>"; };
		E9413B3319212C52007FABFB /* MKStoreKitConfigs_iPad.plist */ = {isa = PBXFileReference; fileEncoding = 4; lastKnownFileType = text.plist.xml; path = MKStoreKitConfigs_iPad.plist; sourceTree = "<group>"; };
		E9413B3519212FFF007FABFB /* m2048-iPad.entitlements */ = {isa = PBXFileReference; lastKnownFileType = text.xml; path = "m2048-iPad.entitlements"; sourceTree = "<group>"; };
		E9413B4919213540007FABFB /* zh-Hans */ = {isa = PBXFileReference; lastKnownFileType = text.plist.strings; name = "zh-Hans"; path = InfoPlist.strings; sourceTree = "<group>"; };
		E9413B4B19213540007FABFB /* zh-Hans */ = {isa = PBXFileReference; lastKnownFileType = text.plist.strings; name = "zh-Hans"; path = Localizable.strings; sourceTree = "<group>"; };
		E9413B4D19213540007FABFB /* zh-Hans */ = {isa = PBXFileReference; lastKnownFileType = text.plist.strings; name = "zh-Hans"; path = Main.strings; sourceTree = "<group>"; };
		E9413B541921357D007FABFB /* en */ = {isa = PBXFileReference; lastKnownFileType = text.plist.strings; name = en; path = InfoPlist.strings; sourceTree = "<group>"; };
		E9413B561921357D007FABFB /* en */ = {isa = PBXFileReference; lastKnownFileType = text.plist.strings; name = en; path = Localizable.strings; sourceTree = "<group>"; };
		E9413B581921357D007FABFB /* en */ = {isa = PBXFileReference; lastKnownFileType = text.plist.strings; name = en; path = Main.strings; sourceTree = "<group>"; };
		E9F0EE6119225B9C00CA2B8A /* Base */ = {isa = PBXFileReference; lastKnownFileType = file.storyboard; name = Base; path = m2048/Base.lproj/Main_iPad.storyboard; sourceTree = "<group>"; };
/* End PBXFileReference section */

/* Begin PBXFrameworksBuildPhase section */
		2443DC4F18D662CA00C920C1 /* Frameworks */ = {
			isa = PBXFrameworksBuildPhase;
			buildActionMask = 2147483647;
			files = (
				E93AED42191D280D001B2199 /* CFNetwork.framework in Frameworks */,
				E93AED40191D2804001B2199 /* StoreKit.framework in Frameworks */,
				E93AED3E191D277E001B2199 /* SystemConfiguration.framework in Frameworks */,
				2443DC5818D662CA00C920C1 /* CoreGraphics.framework in Frameworks */,
				2443DC5A18D662CA00C920C1 /* UIKit.framework in Frameworks */,
				2443DC5C18D662CA00C920C1 /* SpriteKit.framework in Frameworks */,
				2443DC5618D662CA00C920C1 /* Foundation.framework in Frameworks */,
			);
			runOnlyForDeploymentPostprocessing = 0;
		};
		2443DC7718D662CA00C920C1 /* Frameworks */ = {
			isa = PBXFrameworksBuildPhase;
			buildActionMask = 2147483647;
			files = (
				2443DC7C18D662CA00C920C1 /* XCTest.framework in Frameworks */,
				2443DC7E18D662CA00C920C1 /* UIKit.framework in Frameworks */,
				2443DC7D18D662CA00C920C1 /* Foundation.framework in Frameworks */,
			);
			runOnlyForDeploymentPostprocessing = 0;
		};
		E9413B0519212709007FABFB /* Frameworks */ = {
			isa = PBXFrameworksBuildPhase;
			buildActionMask = 2147483647;
			files = (
				E9413B0619212709007FABFB /* CFNetwork.framework in Frameworks */,
				E9413B0719212709007FABFB /* StoreKit.framework in Frameworks */,
				E9413B0819212709007FABFB /* SystemConfiguration.framework in Frameworks */,
				E9413B0919212709007FABFB /* CoreGraphics.framework in Frameworks */,
				E9413B0A19212709007FABFB /* UIKit.framework in Frameworks */,
				E9413B0B19212709007FABFB /* SpriteKit.framework in Frameworks */,
				E9413B0C19212709007FABFB /* Foundation.framework in Frameworks */,
			);
			runOnlyForDeploymentPostprocessing = 0;
		};
/* End PBXFrameworksBuildPhase section */

/* Begin PBXGroup section */
		2443DC4918D662CA00C920C1 = {
			isa = PBXGroup;
			children = (
				E9413B3519212FFF007FABFB /* m2048-iPad.entitlements */,
				E9413B231921270A007FABFB /* Resources-iPad */,
				2443DC5D18D662CA00C920C1 /* m2048 */,
				2443DC8118D662CA00C920C1 /* m2048Tests */,
				2443DC5418D662CA00C920C1 /* Frameworks */,
				2443DC5318D662CA00C920C1 /* Products */,
				E9413B241921270A007FABFB /* m2048 copy-Info.plist */,
			);
			sourceTree = "<group>";
		};
		2443DC5318D662CA00C920C1 /* Products */ = {
			isa = PBXGroup;
			children = (
				2443DC5218D662CA00C920C1 /* m2048.app */,
				2443DC7A18D662CA00C920C1 /* m2048Tests.xctest */,
				E9413B2219212709007FABFB /* m2048-iPad.app */,
			);
			name = Products;
			sourceTree = "<group>";
		};
		2443DC5418D662CA00C920C1 /* Frameworks */ = {
			isa = PBXGroup;
			children = (
				E93AED41191D280D001B2199 /* CFNetwork.framework */,
				E93AED3F191D2804001B2199 /* StoreKit.framework */,
				E93AED3D191D277E001B2199 /* SystemConfiguration.framework */,
				2443DC5518D662CA00C920C1 /* Foundation.framework */,
				2443DC5718D662CA00C920C1 /* CoreGraphics.framework */,
				2443DC5918D662CA00C920C1 /* UIKit.framework */,
				2443DC5B18D662CA00C920C1 /* SpriteKit.framework */,
				2443DC7B18D662CA00C920C1 /* XCTest.framework */,
			);
			name = Frameworks;
			sourceTree = "<group>";
		};
		2443DC5D18D662CA00C920C1 /* m2048 */ = {
			isa = PBXGroup;
			children = (
				E93AEDA4191E60D8001B2199 /* m2048.entitlements */,
				E93AED80191E48FA001B2199 /* MKStoreKit */,
				E93AED56191D3A56001B2199 /* GameCenter */,
				E93AED39191D264B001B2199 /* Appirater */,
				2443DC6618D662CA00C920C1 /* M2AppDelegate.h */,
				2443DC6718D662CA00C920C1 /* M2AppDelegate.m */,
				2443DC6918D662CA00C920C1 /* Main.storyboard */,
				2443DC9C18D6645800C920C1 /* Appearance */,
				2443DC9D18D6645800C920C1 /* Controller */,
				24C4516018DABABE0001FCFD /* Global */,
				2443DC9418D663FC00C920C1 /* Sprite Kit */,
				2443DC9718D663FC00C920C1 /* State */,
				24C4516518DD64630001FCFD /* View */,
				2443DC5E18D662CA00C920C1 /* Supporting Files */,
				2443DC7418D662CA00C920C1 /* Images.xcassets */,
			);
			path = m2048;
			sourceTree = "<group>";
		};
		2443DC5E18D662CA00C920C1 /* Supporting Files */ = {
			isa = PBXGroup;
			children = (
				2443DC5F18D662CA00C920C1 /* m2048-Info.plist */,
				E93AEDAF191E8502001B2199 /* en.lproj */,
				E93AEDA5191E84EE001B2199 /* zh-Hans.lproj */,
				2443DC6018D662CA00C920C1 /* InfoPlist.strings */,
				2443DC6318D662CA00C920C1 /* main.m */,
				2443DC6518D662CA00C920C1 /* m2048-Prefix.pch */,
			);
			name = "Supporting Files";
			sourceTree = "<group>";
		};
		2443DC8118D662CA00C920C1 /* m2048Tests */ = {
			isa = PBXGroup;
			children = (
				2443DC8718D662CA00C920C1 /* m2048Tests.m */,
				2443DC8218D662CA00C920C1 /* Supporting Files */,
			);
			path = m2048Tests;
			sourceTree = "<group>";
		};
		2443DC8218D662CA00C920C1 /* Supporting Files */ = {
			isa = PBXGroup;
			children = (
				2443DC8318D662CA00C920C1 /* m2048Tests-Info.plist */,
				2443DC8418D662CA00C920C1 /* InfoPlist.strings */,
			);
			name = "Supporting Files";
			sourceTree = "<group>";
		};
		2443DC9418D663FC00C920C1 /* Sprite Kit */ = {
			isa = PBXGroup;
			children = (
				24C4515918D6DC4A0001FCFD /* M2Cell.h */,
				24C4515A18D6DC4A0001FCFD /* M2Cell.m */,
				24C4515C18D6DC740001FCFD /* M2Grid.h */,
				24C4515D18D6DC740001FCFD /* M2Grid.m */,
				2443DC9518D663FC00C920C1 /* M2Scene.h */,
				2443DC9618D663FC00C920C1 /* M2Scene.m */,
				2443DCAD18D6C18400C920C1 /* M2Tile.h */,
				2443DCAE18D6C18400C920C1 /* M2Tile.m */,
			);
			path = "Sprite Kit";
			sourceTree = "<group>";
		};
		2443DC9718D663FC00C920C1 /* State */ = {
			isa = PBXGroup;
			children = (
				2443DC9818D663FC00C920C1 /* M2GameManager.h */,
				2443DC9918D663FC00C920C1 /* M2GameManager.m */,
			);
			path = State;
			sourceTree = "<group>";
		};
		2443DC9C18D6645800C920C1 /* Appearance */ = {
			isa = PBXGroup;
			children = (
				2443DCA118D6649500C920C1 /* M2Theme.h */,
				2443DCA218D6649500C920C1 /* M2Theme.m */,
			);
			path = Appearance;
			sourceTree = "<group>";
		};
		2443DC9D18D6645800C920C1 /* Controller */ = {
			isa = PBXGroup;
			children = (
				2443DCA418D66CCC00C920C1 /* M2ViewController.h */,
				2443DCA518D66CCC00C920C1 /* M2ViewController.m */,
				2443DC9E18D6647000C920C1 /* M2SettingsViewController.h */,
				2443DC9F18D6647000C920C1 /* M2SettingsViewController.m */,
				24C4517118E140AE0001FCFD /* M2SettingsDetailViewController.h */,
				24C4517218E140AE0001FCFD /* M2SettingsDetailViewController.m */,
			);
			path = Controller;
			sourceTree = "<group>";
		};
		24C4516018DABABE0001FCFD /* Global */ = {
			isa = PBXGroup;
			children = (
				24C4516118DABABE0001FCFD /* M2GlobalState.h */,
				24C4516218DABABE0001FCFD /* M2GlobalState.m */,
				24C4516318DABABE0001FCFD /* M2Position.h */,
			);
			path = Global;
			sourceTree = "<group>";
		};
		24C4516518DD64630001FCFD /* View */ = {
			isa = PBXGroup;
			children = (
				24C4516618DD64A90001FCFD /* M2GridView.h */,
				24C4516718DD64A90001FCFD /* M2GridView.m */,
				24C4516E18DFF10B0001FCFD /* M2ScoreView.h */,
				24C4516F18DFF10B0001FCFD /* M2ScoreView.m */,
				24C4517F18E265390001FCFD /* M2Overlay.h */,
				24C4518018E265390001FCFD /* M2Overlay.m */,
			);
			path = View;
			sourceTree = "<group>";
		};
		E93AED39191D264B001B2199 /* Appirater */ = {
			isa = PBXGroup;
			children = (
				E93AED3A191D264B001B2199 /* Appirater.h */,
				E93AED3B191D264B001B2199 /* Appirater.m */,
			);
			path = Appirater;
			sourceTree = "<group>";
		};
		E93AED56191D3A56001B2199 /* GameCenter */ = {
			isa = PBXGroup;
			children = (
				E93AED57191D3A56001B2199 /* GameCenterManager.h */,
				E93AED58191D3A56001B2199 /* GameCenterManager.m */,
			);
			path = GameCenter;
			sourceTree = "<group>";
		};
		E93AED80191E48FA001B2199 /* MKStoreKit */ = {
			isa = PBXGroup;
			children = (
				E93AED81191E48FA001B2199 /* Externals */,
				E93AED86191E48FA001B2199 /* MKSKProduct.h */,
				E93AED87191E48FA001B2199 /* MKSKProduct.m */,
				E93AED88191E48FA001B2199 /* MKSKSubscriptionProduct.h */,
				E93AED89191E48FA001B2199 /* MKSKSubscriptionProduct.m */,
				E93AED8A191E48FA001B2199 /* MKStoreKitConfigs.h */,
				E93AED8B191E48FA001B2199 /* MKStoreKitConfigs.plist */,
				E9413B3319212C52007FABFB /* MKStoreKitConfigs_iPad.plist */,
				E93AED8C191E48FA001B2199 /* MKStoreManager.h */,
				E93AED8D191E48FA001B2199 /* MKStoreManager.m */,
				E93AED8E191E48FA001B2199 /* README.mdown */,
				E93AED8F191E48FA001B2199 /* Server Code */,
				E93AED95191E48FA001B2199 /* VerificationController.h */,
				E93AED96191E48FA001B2199 /* VerificationController.m */,
			);
			path = MKStoreKit;
			sourceTree = "<group>";
		};
		E93AED81191E48FA001B2199 /* Externals */ = {
			isa = PBXGroup;
			children = (
				E93AED82191E48FA001B2199 /* NSData+MKBase64.h */,
				E93AED83191E48FA001B2199 /* NSData+MKBase64.m */,
				E93AED84191E48FA001B2199 /* SFHFKeychainUtils.h */,
				E93AED85191E48FA001B2199 /* SFHFKeychainUtils.m */,
			);
			path = Externals;
			sourceTree = "<group>";
		};
		E93AED8F191E48FA001B2199 /* Server Code */ = {
			isa = PBXGroup;
			children = (
				E93AED90191E48FA001B2199 /* AddDevice.html */,
				E93AED91191E48FA001B2199 /* DBSetup.sql */,
				E93AED92191E48FA001B2199 /* featureCheck.php */,
				E93AED93191E48FA001B2199 /* requestAccess.php */,
				E93AED94191E48FA001B2199 /* verifyProduct.php */,
			);
			path = "Server Code";
			sourceTree = "<group>";
		};
		E93AEDA5191E84EE001B2199 /* zh-Hans.lproj */ = {
			isa = PBXGroup;
			children = (
				E93AEDA6191E84EE001B2199 /* InfoPlist.strings */,
				E9413B4719213540007FABFB /* zh-Hans.lproj */,
				E93AEDA8191E84EE001B2199 /* Localizable.strings */,
				E93AEDAA191E84EE001B2199 /* Main.strings */,
			);
			path = "zh-Hans.lproj";
			sourceTree = "<group>";
		};
		E93AEDAF191E8502001B2199 /* en.lproj */ = {
			isa = PBXGroup;
			children = (
				E93AEDB0191E8502001B2199 /* InfoPlist.strings */,
				E9413B511921357D007FABFB /* en.lproj */,
				E93AEDB2191E8502001B2199 /* Localizable.strings */,
				E93AEDB4191E8502001B2199 /* Main.strings */,
			);
			path = en.lproj;
			sourceTree = "<group>";
		};
		E9413B231921270A007FABFB /* Resources-iPad */ = {
			isa = PBXGroup;
			children = (
				E9F0EE6019225B9C00CA2B8A /* Main_iPad.storyboard */,
			);
			name = "Resources-iPad";
			sourceTree = "<group>";
		};
		E9413B4719213540007FABFB /* zh-Hans.lproj */ = {
			isa = PBXGroup;
			children = (
				E9413B4819213540007FABFB /* InfoPlist.strings */,
				E9413B4A19213540007FABFB /* Localizable.strings */,
				E9413B4C19213540007FABFB /* Main.strings */,
			);
			name = "zh-Hans.lproj";
			sourceTree = "<group>";
		};
		E9413B511921357D007FABFB /* en.lproj */ = {
			isa = PBXGroup;
			children = (
				E9413B531921357D007FABFB /* InfoPlist.strings */,
				E9413B551921357D007FABFB /* Localizable.strings */,
				E9413B571921357D007FABFB /* Main.strings */,
			);
			name = en.lproj;
			sourceTree = "<group>";
		};
/* End PBXGroup section */

/* Begin PBXNativeTarget section */
		2443DC5118D662CA00C920C1 /* m2048 */ = {
			isa = PBXNativeTarget;
			buildConfigurationList = 2443DC8B18D662CA00C920C1 /* Build configuration list for PBXNativeTarget "m2048" */;
			buildPhases = (
				2443DC4E18D662CA00C920C1 /* Sources */,
				2443DC4F18D662CA00C920C1 /* Frameworks */,
				2443DC5018D662CA00C920C1 /* Resources */,
			);
			buildRules = (
			);
			dependencies = (
			);
			name = m2048;
			productName = m2048;
			productReference = 2443DC5218D662CA00C920C1 /* m2048.app */;
			productType = "com.apple.product-type.application";
		};
		2443DC7918D662CA00C920C1 /* m2048Tests */ = {
			isa = PBXNativeTarget;
			buildConfigurationList = 2443DC8E18D662CA00C920C1 /* Build configuration list for PBXNativeTarget "m2048Tests" */;
			buildPhases = (
				2443DC7618D662CA00C920C1 /* Sources */,
				2443DC7718D662CA00C920C1 /* Frameworks */,
				2443DC7818D662CA00C920C1 /* Resources */,
			);
			buildRules = (
			);
			dependencies = (
				2443DC8018D662CA00C920C1 /* PBXTargetDependency */,
			);
			name = m2048Tests;
			productName = m2048Tests;
			productReference = 2443DC7A18D662CA00C920C1 /* m2048Tests.xctest */;
			productType = "com.apple.product-type.bundle.unit-test";
		};
		E9413AEC19212709007FABFB /* m2048-iPad */ = {
			isa = PBXNativeTarget;
			buildConfigurationList = E9413B1F19212709007FABFB /* Build configuration list for PBXNativeTarget "m2048-iPad" */;
			buildPhases = (
				E9413AED19212709007FABFB /* Sources */,
				E9413B0519212709007FABFB /* Frameworks */,
				E9413B0E19212709007FABFB /* Resources */,
			);
			buildRules = (
			);
			dependencies = (
			);
			name = "m2048-iPad";
			productName = m2048;
			productReference = E9413B2219212709007FABFB /* m2048-iPad.app */;
			productType = "com.apple.product-type.application";
		};
/* End PBXNativeTarget section */

/* Begin PBXProject section */
		2443DC4A18D662CA00C920C1 /* Project object */ = {
			isa = PBXProject;
			attributes = {
				CLASSPREFIX = M2;
				LastUpgradeCheck = 0510;
				ORGANIZATIONNAME = "";
				TargetAttributes = {
					2443DC5118D662CA00C920C1 = {
						DevelopmentTeam = E8TB3WBKTR;
						SystemCapabilities = {
							com.apple.GameCenter = {
								enabled = 1;
							};
							com.apple.iCloud = {
								enabled = 1;
							};
						};
					};
					2443DC7918D662CA00C920C1 = {
						TestTargetID = 2443DC5118D662CA00C920C1;
					};
					E9413AEC19212709007FABFB = {
						DevelopmentTeam = E8TB3WBKTR;
						SystemCapabilities = {
							com.apple.GameCenter = {
								enabled = 0;
							};
							com.apple.iCloud = {
								enabled = 1;
							};
						};
					};
				};
			};
			buildConfigurationList = 2443DC4D18D662CA00C920C1 /* Build configuration list for PBXProject "m2048" */;
			compatibilityVersion = "Xcode 3.2";
			developmentRegion = English;
			hasScannedForEncodings = 0;
			knownRegions = (
				en,
				Base,
				"zh-Hans",
			);
			mainGroup = 2443DC4918D662CA00C920C1;
			productRefGroup = 2443DC5318D662CA00C920C1 /* Products */;
			projectDirPath = "";
			projectRoot = "";
			targets = (
				2443DC5118D662CA00C920C1 /* m2048 */,
				2443DC7918D662CA00C920C1 /* m2048Tests */,
				E9413AEC19212709007FABFB /* m2048-iPad */,
			);
		};
/* End PBXProject section */

/* Begin PBXResourcesBuildPhase section */
		2443DC5018D662CA00C920C1 /* Resources */ = {
			isa = PBXResourcesBuildPhase;
			buildActionMask = 2147483647;
			files = (
				E93AEDA0191E48FB001B2199 /* featureCheck.php in Resources */,
				E93AEDB6191E8502001B2199 /* InfoPlist.strings in Resources */,
				E93AEDAD191E84EE001B2199 /* Localizable.strings in Resources */,
				E93AED9F191E48FB001B2199 /* DBSetup.sql in Resources */,
				2443DC6218D662CA00C920C1 /* InfoPlist.strings in Resources */,
				2443DC7518D662CA00C920C1 /* Images.xcassets in Resources */,
				2443DC6B18D662CA00C920C1 /* Main.storyboard in Resources */,
				E93AED9B191E48FB001B2199 /* MKStoreKitConfigs.plist in Resources */,
				E93AED9E191E48FB001B2199 /* AddDevice.html in Resources */,
				E93AEDB8191E8502001B2199 /* Main.strings in Resources */,
				E93AEDA2191E48FB001B2199 /* verifyProduct.php in Resources */,
				E93AEDB7191E8502001B2199 /* Localizable.strings in Resources */,
				E93AEDA1191E48FB001B2199 /* requestAccess.php in Resources */,
				E93AEDAE191E84EE001B2199 /* Main.strings in Resources */,
				E93AEDAC191E84EE001B2199 /* InfoPlist.strings in Resources */,
				E93AED9D191E48FB001B2199 /* README.mdown in Resources */,
			);
			runOnlyForDeploymentPostprocessing = 0;
		};
		2443DC7818D662CA00C920C1 /* Resources */ = {
			isa = PBXResourcesBuildPhase;
			buildActionMask = 2147483647;
			files = (
				2443DC8618D662CA00C920C1 /* InfoPlist.strings in Resources */,
			);
			runOnlyForDeploymentPostprocessing = 0;
		};
		E9413B0E19212709007FABFB /* Resources */ = {
			isa = PBXResourcesBuildPhase;
			buildActionMask = 2147483647;
			files = (
				E9413B0F19212709007FABFB /* featureCheck.php in Resources */,
				E9413B5B1921357D007FABFB /* Main.strings in Resources */,
				E9413B3419212C52007FABFB /* MKStoreKitConfigs_iPad.plist in Resources */,
				E9F0EE6219225B9C00CA2B8A /* Main_iPad.storyboard in Resources */,
				E9413B1119212709007FABFB /* Localizable.strings in Resources */,
				E9413B1219212709007FABFB /* DBSetup.sql in Resources */,
				E9413B1319212709007FABFB /* InfoPlist.strings in Resources */,
				E9413B4E19213540007FABFB /* InfoPlist.strings in Resources */,
				E9413B1419212709007FABFB /* Images.xcassets in Resources */,
				E9413B5019213540007FABFB /* Main.strings in Resources */,
				E9413B591921357D007FABFB /* InfoPlist.strings in Resources */,
				E9413B5A1921357D007FABFB /* Localizable.strings in Resources */,
				E9413B1519212709007FABFB /* Main.storyboard in Resources */,
				E9413B1619212709007FABFB /* MKStoreKitConfigs.plist in Resources */,
				E9413B1719212709007FABFB /* AddDevice.html in Resources */,
				E9413B1819212709007FABFB /* Main.strings in Resources */,
				E9413B1919212709007FABFB /* verifyProduct.php in Resources */,
				E9413B1A19212709007FABFB /* Localizable.strings in Resources */,
				E9413B1B19212709007FABFB /* requestAccess.php in Resources */,
				E9413B4F19213540007FABFB /* Localizable.strings in Resources */,
				E9413B1C19212709007FABFB /* Main.strings in Resources */,
				E9413B1E19212709007FABFB /* README.mdown in Resources */,
			);
			runOnlyForDeploymentPostprocessing = 0;
		};
/* End PBXResourcesBuildPhase section */

/* Begin PBXSourcesBuildPhase section */
		2443DC4E18D662CA00C920C1 /* Sources */ = {
			isa = PBXSourcesBuildPhase;
			buildActionMask = 2147483647;
			files = (
				2443DCA618D66CCC00C920C1 /* M2ViewController.m in Sources */,
				2443DC6418D662CA00C920C1 /* main.m in Sources */,
				24C4515B18D6DC4A0001FCFD /* M2Cell.m in Sources */,
				24C4516818DD64A90001FCFD /* M2GridView.m in Sources */,
				2443DC9A18D663FC00C920C1 /* M2Scene.m in Sources */,
				24C4515E18D6DC740001FCFD /* M2Grid.m in Sources */,
				24C4518118E265390001FCFD /* M2Overlay.m in Sources */,
				2443DCAF18D6C18400C920C1 /* M2Tile.m in Sources */,
				2443DCA018D6647000C920C1 /* M2SettingsViewController.m in Sources */,
				24C4517018DFF10B0001FCFD /* M2ScoreView.m in Sources */,
				2443DCA318D6649500C920C1 /* M2Theme.m in Sources */,
				E93AED97191E48FA001B2199 /* NSData+MKBase64.m in Sources */,
				24C4517318E140AE0001FCFD /* M2SettingsDetailViewController.m in Sources */,
				E93AEDA3191E48FB001B2199 /* VerificationController.m in Sources */,
				24C4516418DABABE0001FCFD /* M2GlobalState.m in Sources */,
				E93AED98191E48FA001B2199 /* SFHFKeychainUtils.m in Sources */,
				2443DC6818D662CA00C920C1 /* M2AppDelegate.m in Sources */,
				E93AED3C191D264B001B2199 /* Appirater.m in Sources */,
				E93AED9C191E48FB001B2199 /* MKStoreManager.m in Sources */,
				2443DC9B18D663FC00C920C1 /* M2GameManager.m in Sources */,
				E93AED59191D3A56001B2199 /* GameCenterManager.m in Sources */,
				E93AED9A191E48FB001B2199 /* MKSKSubscriptionProduct.m in Sources */,
				E93AED99191E48FB001B2199 /* MKSKProduct.m in Sources */,
			);
			runOnlyForDeploymentPostprocessing = 0;
		};
		2443DC7618D662CA00C920C1 /* Sources */ = {
			isa = PBXSourcesBuildPhase;
			buildActionMask = 2147483647;
			files = (
				2443DC8818D662CA00C920C1 /* m2048Tests.m in Sources */,
			);
			runOnlyForDeploymentPostprocessing = 0;
		};
		E9413AED19212709007FABFB /* Sources */ = {
			isa = PBXSourcesBuildPhase;
			buildActionMask = 2147483647;
			files = (
				E9413AEE19212709007FABFB /* M2ViewController.m in Sources */,
				E9413AEF19212709007FABFB /* main.m in Sources */,
				E9413AF019212709007FABFB /* M2Cell.m in Sources */,
				E9413AF119212709007FABFB /* M2GridView.m in Sources */,
				E9413AF219212709007FABFB /* M2Scene.m in Sources */,
				E9413AF319212709007FABFB /* M2Grid.m in Sources */,
				E9413AF419212709007FABFB /* M2Overlay.m in Sources */,
				E9413AF519212709007FABFB /* M2Tile.m in Sources */,
				E9413AF619212709007FABFB /* M2SettingsViewController.m in Sources */,
				E9413AF719212709007FABFB /* M2ScoreView.m in Sources */,
				E9413AF819212709007FABFB /* M2Theme.m in Sources */,
				E9413AF919212709007FABFB /* NSData+MKBase64.m in Sources */,
				E9413AFA19212709007FABFB /* M2SettingsDetailViewController.m in Sources */,
				E9413AFB19212709007FABFB /* VerificationController.m in Sources */,
				E9413AFC19212709007FABFB /* M2GlobalState.m in Sources */,
				E9413AFD19212709007FABFB /* SFHFKeychainUtils.m in Sources */,
				E9413AFE19212709007FABFB /* M2AppDelegate.m in Sources */,
				E9413AFF19212709007FABFB /* Appirater.m in Sources */,
				E9413B0019212709007FABFB /* MKStoreManager.m in Sources */,
				E9413B0119212709007FABFB /* M2GameManager.m in Sources */,
				E9413B0219212709007FABFB /* GameCenterManager.m in Sources */,
				E9413B0319212709007FABFB /* MKSKSubscriptionProduct.m in Sources */,
				E9413B0419212709007FABFB /* MKSKProduct.m in Sources */,
			);
			runOnlyForDeploymentPostprocessing = 0;
		};
/* End PBXSourcesBuildPhase section */

/* Begin PBXTargetDependency section */
		2443DC8018D662CA00C920C1 /* PBXTargetDependency */ = {
			isa = PBXTargetDependency;
			target = 2443DC5118D662CA00C920C1 /* m2048 */;
			targetProxy = 2443DC7F18D662CA00C920C1 /* PBXContainerItemProxy */;
		};
/* End PBXTargetDependency section */

/* Begin PBXVariantGroup section */
		2443DC6018D662CA00C920C1 /* InfoPlist.strings */ = {
			isa = PBXVariantGroup;
			children = (
				2443DC6118D662CA00C920C1 /* en */,
				E93AED5D191E02A5001B2199 /* zh-Hans */,
			);
			name = InfoPlist.strings;
			sourceTree = "<group>";
		};
		2443DC6918D662CA00C920C1 /* Main.storyboard */ = {
			isa = PBXVariantGroup;
			children = (
				2443DC6A18D662CA00C920C1 /* Base */,
				E93AED60191E0379001B2199 /* zh-Hans */,
				E93AED62191E037D001B2199 /* en */,
			);
			name = Main.storyboard;
			sourceTree = "<group>";
		};
		2443DC8418D662CA00C920C1 /* InfoPlist.strings */ = {
			isa = PBXVariantGroup;
			children = (
				2443DC8518D662CA00C920C1 /* en */,
				E93AED5E191E02A5001B2199 /* zh-Hans */,
			);
			name = InfoPlist.strings;
			sourceTree = "<group>";
		};
		E93AEDA6191E84EE001B2199 /* InfoPlist.strings */ = {
			isa = PBXVariantGroup;
			children = (
				E93AEDA7191E84EE001B2199 /* zh-Hans */,
			);
			name = InfoPlist.strings;
			sourceTree = "<group>";
		};
		E93AEDA8191E84EE001B2199 /* Localizable.strings */ = {
			isa = PBXVariantGroup;
			children = (
				E93AEDA9191E84EE001B2199 /* zh-Hans */,
			);
			name = Localizable.strings;
			sourceTree = "<group>";
		};
		E93AEDAA191E84EE001B2199 /* Main.strings */ = {
			isa = PBXVariantGroup;
			children = (
				E93AEDAB191E84EE001B2199 /* zh-Hans */,
			);
			name = Main.strings;
			sourceTree = "<group>";
		};
		E93AEDB0191E8502001B2199 /* InfoPlist.strings */ = {
			isa = PBXVariantGroup;
			children = (
				E93AEDB1191E8502001B2199 /* en */,
			);
			name = InfoPlist.strings;
			sourceTree = "<group>";
		};
		E93AEDB2191E8502001B2199 /* Localizable.strings */ = {
			isa = PBXVariantGroup;
			children = (
				E93AEDB3191E8502001B2199 /* en */,
			);
			name = Localizable.strings;
			sourceTree = "<group>";
		};
		E93AEDB4191E8502001B2199 /* Main.strings */ = {
			isa = PBXVariantGroup;
			children = (
				E93AEDB5191E8502001B2199 /* en */,
			);
			name = Main.strings;
			sourceTree = "<group>";
		};
		E9413B4819213540007FABFB /* InfoPlist.strings */ = {
			isa = PBXVariantGroup;
			children = (
				E9413B4919213540007FABFB /* zh-Hans */,
			);
			name = InfoPlist.strings;
			sourceTree = "<group>";
		};
		E9413B4A19213540007FABFB /* Localizable.strings */ = {
			isa = PBXVariantGroup;
			children = (
				E9413B4B19213540007FABFB /* zh-Hans */,
			);
			name = Localizable.strings;
			sourceTree = "<group>";
		};
		E9413B4C19213540007FABFB /* Main.strings */ = {
			isa = PBXVariantGroup;
			children = (
				E9413B4D19213540007FABFB /* zh-Hans */,
			);
			name = Main.strings;
			sourceTree = "<group>";
		};
		E9413B531921357D007FABFB /* InfoPlist.strings */ = {
			isa = PBXVariantGroup;
			children = (
				E9413B541921357D007FABFB /* en */,
			);
			name = InfoPlist.strings;
			sourceTree = "<group>";
		};
		E9413B551921357D007FABFB /* Localizable.strings */ = {
			isa = PBXVariantGroup;
			children = (
				E9413B561921357D007FABFB /* en */,
			);
			name = Localizable.strings;
			sourceTree = "<group>";
		};
		E9413B571921357D007FABFB /* Main.strings */ = {
			isa = PBXVariantGroup;
			children = (
				E9413B581921357D007FABFB /* en */,
			);
			name = Main.strings;
			sourceTree = "<group>";
		};
		E9F0EE6019225B9C00CA2B8A /* Main_iPad.storyboard */ = {
			isa = PBXVariantGroup;
			children = (
				E9F0EE6119225B9C00CA2B8A /* Base */,
			);
			name = Main_iPad.storyboard;
			sourceTree = "<group>";
		};
/* End PBXVariantGroup section */

/* Begin XCBuildConfiguration section */
		2443DC8918D662CA00C920C1 /* Debug */ = {
			isa = XCBuildConfiguration;
			buildSettings = {
				ALWAYS_SEARCH_USER_PATHS = NO;
				CLANG_CXX_LANGUAGE_STANDARD = "gnu++0x";
				CLANG_CXX_LIBRARY = "libc++";
				CLANG_ENABLE_MODULES = YES;
				CLANG_ENABLE_OBJC_ARC = YES;
				CLANG_WARN_BOOL_CONVERSION = YES;
				CLANG_WARN_CONSTANT_CONVERSION = YES;
				CLANG_WARN_DIRECT_OBJC_ISA_USAGE = YES_ERROR;
				CLANG_WARN_EMPTY_BODY = YES;
				CLANG_WARN_ENUM_CONVERSION = YES;
				CLANG_WARN_INT_CONVERSION = YES;
				CLANG_WARN_OBJC_ROOT_CLASS = YES_ERROR;
				CLANG_WARN__DUPLICATE_METHOD_MATCH = YES;
				"CODE_SIGN_IDENTITY[sdk=iphoneos*]" = "iPhone Developer";
				COPY_PHASE_STRIP = NO;
				GCC_C_LANGUAGE_STANDARD = gnu99;
				GCC_DYNAMIC_NO_PIC = NO;
				GCC_OPTIMIZATION_LEVEL = 0;
				GCC_PREPROCESSOR_DEFINITIONS = (
					"DEBUG=1",
					"$(inherited)",
				);
				GCC_SYMBOLS_PRIVATE_EXTERN = NO;
				GCC_WARN_64_TO_32_BIT_CONVERSION = YES;
				GCC_WARN_ABOUT_RETURN_TYPE = YES_ERROR;
				GCC_WARN_UNDECLARED_SELECTOR = YES;
				GCC_WARN_UNINITIALIZED_AUTOS = YES_AGGRESSIVE;
				GCC_WARN_UNUSED_FUNCTION = YES;
				GCC_WARN_UNUSED_VARIABLE = YES;
				IPHONEOS_DEPLOYMENT_TARGET = 7.0;
				ONLY_ACTIVE_ARCH = YES;
				SDKROOT = iphoneos;
			};
			name = Debug;
		};
		2443DC8A18D662CA00C920C1 /* Release */ = {
			isa = XCBuildConfiguration;
			buildSettings = {
				ALWAYS_SEARCH_USER_PATHS = NO;
				CLANG_CXX_LANGUAGE_STANDARD = "gnu++0x";
				CLANG_CXX_LIBRARY = "libc++";
				CLANG_ENABLE_MODULES = YES;
				CLANG_ENABLE_OBJC_ARC = YES;
				CLANG_WARN_BOOL_CONVERSION = YES;
				CLANG_WARN_CONSTANT_CONVERSION = YES;
				CLANG_WARN_DIRECT_OBJC_ISA_USAGE = YES_ERROR;
				CLANG_WARN_EMPTY_BODY = YES;
				CLANG_WARN_ENUM_CONVERSION = YES;
				CLANG_WARN_INT_CONVERSION = YES;
				CLANG_WARN_OBJC_ROOT_CLASS = YES_ERROR;
				CLANG_WARN__DUPLICATE_METHOD_MATCH = YES;
				"CODE_SIGN_IDENTITY[sdk=iphoneos*]" = "iPhone Developer";
				COPY_PHASE_STRIP = YES;
				ENABLE_NS_ASSERTIONS = NO;
				GCC_C_LANGUAGE_STANDARD = gnu99;
				GCC_WARN_64_TO_32_BIT_CONVERSION = YES;
				GCC_WARN_ABOUT_RETURN_TYPE = YES_ERROR;
				GCC_WARN_UNDECLARED_SELECTOR = YES;
				GCC_WARN_UNINITIALIZED_AUTOS = YES_AGGRESSIVE;
				GCC_WARN_UNUSED_FUNCTION = YES;
				GCC_WARN_UNUSED_VARIABLE = YES;
				IPHONEOS_DEPLOYMENT_TARGET = 7.0;
				SDKROOT = iphoneos;
				VALIDATE_PRODUCT = YES;
			};
			name = Release;
		};
		2443DC8C18D662CA00C920C1 /* Debug */ = {
			isa = XCBuildConfiguration;
			buildSettings = {
				ASSETCATALOG_COMPILER_APPICON_NAME = AppIcon;
				ASSETCATALOG_COMPILER_LAUNCHIMAGE_NAME = LaunchImage;
				CLANG_ENABLE_OBJC_ARC = NO;
				CODE_SIGN_ENTITLEMENTS = "";
				CODE_SIGN_IDENTITY = "iPhone Distribution: Jiang LinShan (E8TB3WBKTR)";
				"CODE_SIGN_IDENTITY[sdk=iphoneos*]" = "iPhone Distribution: Jiang LinShan (E8TB3WBKTR)";
				GCC_PRECOMPILE_PREFIX_HEADER = YES;
				GCC_PREFIX_HEADER = "m2048/m2048-Prefix.pch";
				INFOPLIST_FILE = "m2048/m2048-Info.plist";
				IPHONEOS_DEPLOYMENT_TARGET = 7.0;
				PRODUCT_NAME = "$(TARGET_NAME)";
				PROVISIONING_PROFILE = "CEF68D01-3704-4D72-9B4F-14D0BC49C144";
				SPRITEKIT_TEXTURE_ATLAS_OUTPUT = YES;
				TARGETED_DEVICE_FAMILY = 1;
				WRAPPER_EXTENSION = app;
			};
			name = Debug;
		};
		2443DC8D18D662CA00C920C1 /* Release */ = {
			isa = XCBuildConfiguration;
			buildSettings = {
				ASSETCATALOG_COMPILER_APPICON_NAME = AppIcon;
				ASSETCATALOG_COMPILER_LAUNCHIMAGE_NAME = LaunchImage;
				CLANG_ENABLE_OBJC_ARC = NO;
				CODE_SIGN_ENTITLEMENTS = "";
				CODE_SIGN_IDENTITY = "iPhone Distribution: Jiang LinShan (E8TB3WBKTR)";
				"CODE_SIGN_IDENTITY[sdk=iphoneos*]" = "iPhone Distribution: Jiang LinShan (E8TB3WBKTR)";
				GCC_PRECOMPILE_PREFIX_HEADER = YES;
				GCC_PREFIX_HEADER = "m2048/m2048-Prefix.pch";
				INFOPLIST_FILE = "m2048/m2048-Info.plist";
				IPHONEOS_DEPLOYMENT_TARGET = 7.0;
				PRODUCT_NAME = "$(TARGET_NAME)";
				PROVISIONING_PROFILE = "CEF68D01-3704-4D72-9B4F-14D0BC49C144";
				SPRITEKIT_TEXTURE_ATLAS_OUTPUT = YES;
				TARGETED_DEVICE_FAMILY = 1;
				WRAPPER_EXTENSION = app;
			};
			name = Release;
		};
		2443DC8F18D662CA00C920C1 /* Debug */ = {
			isa = XCBuildConfiguration;
			buildSettings = {
				BUNDLE_LOADER = "$(BUILT_PRODUCTS_DIR)/m2048.app/m2048";
				FRAMEWORK_SEARCH_PATHS = (
					"$(SDKROOT)/Developer/Library/Frameworks",
					"$(inherited)",
					"$(DEVELOPER_FRAMEWORKS_DIR)",
				);
				GCC_PRECOMPILE_PREFIX_HEADER = YES;
				GCC_PREFIX_HEADER = "m2048/m2048-Prefix.pch";
				GCC_PREPROCESSOR_DEFINITIONS = (
					"DEBUG=1",
					"$(inherited)",
				);
				INFOPLIST_FILE = "m2048Tests/m2048Tests-Info.plist";
				PRODUCT_NAME = "$(TARGET_NAME)";
				TEST_HOST = "$(BUNDLE_LOADER)";
				WRAPPER_EXTENSION = xctest;
			};
			name = Debug;
		};
		2443DC9018D662CA00C920C1 /* Release */ = {
			isa = XCBuildConfiguration;
			buildSettings = {
				BUNDLE_LOADER = "$(BUILT_PRODUCTS_DIR)/m2048.app/m2048";
				FRAMEWORK_SEARCH_PATHS = (
					"$(SDKROOT)/Developer/Library/Frameworks",
					"$(inherited)",
					"$(DEVELOPER_FRAMEWORKS_DIR)",
				);
				GCC_PRECOMPILE_PREFIX_HEADER = YES;
				GCC_PREFIX_HEADER = "m2048/m2048-Prefix.pch";
				INFOPLIST_FILE = "m2048Tests/m2048Tests-Info.plist";
				PRODUCT_NAME = "$(TARGET_NAME)";
				TEST_HOST = "$(BUNDLE_LOADER)";
				WRAPPER_EXTENSION = xctest;
			};
			name = Release;
		};
		E9413B2019212709007FABFB /* Debug */ = {
			isa = XCBuildConfiguration;
			buildSettings = {
				ASSETCATALOG_COMPILER_APPICON_NAME = AppIcon;
				ASSETCATALOG_COMPILER_LAUNCHIMAGE_NAME = "LaunchImage-ipad";
				CLANG_ENABLE_OBJC_ARC = NO;
				CODE_SIGN_ENTITLEMENTS = "m2048-iPad.entitlements";
				CODE_SIGN_IDENTITY = "iPhone Developer: Jiang LinShan (453PQT5LKA)";
				"CODE_SIGN_IDENTITY[sdk=iphoneos*]" = "iPhone Developer: Jiang LinShan (453PQT5LKA)";
				GCC_PRECOMPILE_PREFIX_HEADER = YES;
				GCC_PREFIX_HEADER = "m2048/m2048-Prefix.pch";
				GCC_PREPROCESSOR_DEFINITIONS = (
					"DEBUG=1",
					"$(inherited)",
					DEVICE_IPAD,
				);
				INFOPLIST_FILE = "m2048 copy-Info.plist";
				IPHONEOS_DEPLOYMENT_TARGET = 7.1;
				PRODUCT_NAME = "m2048-iPad";
				PROVISIONING_PROFILE = "7FE2D299-02C6-46B4-BCA5-76EC7E5256D7";
				SPRITEKIT_TEXTURE_ATLAS_OUTPUT = YES;
				TARGETED_DEVICE_FAMILY = 2;
				WRAPPER_EXTENSION = app;
			};
			name = Debug;
		};
		E9413B2119212709007FABFB /* Release */ = {
			isa = XCBuildConfiguration;
			buildSettings = {
				ASSETCATALOG_COMPILER_APPICON_NAME = AppIcon;
				ASSETCATALOG_COMPILER_LAUNCHIMAGE_NAME = "LaunchImage-ipad";
				CLANG_ENABLE_OBJC_ARC = NO;
				CODE_SIGN_ENTITLEMENTS = "m2048-iPad.entitlements";
				CODE_SIGN_IDENTITY = "iPhone Developer: Jiang LinShan (453PQT5LKA)";
				"CODE_SIGN_IDENTITY[sdk=iphoneos*]" = "iPhone Developer: Jiang LinShan (453PQT5LKA)";
				GCC_PRECOMPILE_PREFIX_HEADER = YES;
				GCC_PREFIX_HEADER = "m2048/m2048-Prefix.pch";
				GCC_PREPROCESSOR_DEFINITIONS = DEVICE_IPAD;
				INFOPLIST_FILE = "m2048 copy-Info.plist";
				IPHONEOS_DEPLOYMENT_TARGET = 7.1;
				PRODUCT_NAME = "m2048-iPad";
				PROVISIONING_PROFILE = "7FE2D299-02C6-46B4-BCA5-76EC7E5256D7";
				SPRITEKIT_TEXTURE_ATLAS_OUTPUT = YES;
				TARGETED_DEVICE_FAMILY = 2;
				WRAPPER_EXTENSION = app;
			};
			name = Release;
		};
/* End XCBuildConfiguration section */

/* Begin XCConfigurationList section */
		2443DC4D18D662CA00C920C1 /* Build configuration list for PBXProject "m2048" */ = {
			isa = XCConfigurationList;
			buildConfigurations = (
				2443DC8918D662CA00C920C1 /* Debug */,
				2443DC8A18D662CA00C920C1 /* Release */,
			);
			defaultConfigurationIsVisible = 0;
			defaultConfigurationName = Release;
		};
		2443DC8B18D662CA00C920C1 /* Build configuration list for PBXNativeTarget "m2048" */ = {
			isa = XCConfigurationList;
			buildConfigurations = (
				2443DC8C18D662CA00C920C1 /* Debug */,
				2443DC8D18D662CA00C920C1 /* Release */,
			);
			defaultConfigurationIsVisible = 0;
			defaultConfigurationName = Release;
		};
		2443DC8E18D662CA00C920C1 /* Build configuration list for PBXNativeTarget "m2048Tests" */ = {
			isa = XCConfigurationList;
			buildConfigurations = (
				2443DC8F18D662CA00C920C1 /* Debug */,
				2443DC9018D662CA00C920C1 /* Release */,
			);
			defaultConfigurationIsVisible = 0;
			defaultConfigurationName = Release;
		};
		E9413B1F19212709007FABFB /* Build configuration list for PBXNativeTarget "m2048-iPad" */ = {
			isa = XCConfigurationList;
			buildConfigurations = (
				E9413B2019212709007FABFB /* Debug */,
				E9413B2119212709007FABFB /* Release */,
			);
			defaultConfigurationIsVisible = 0;
			defaultConfigurationName = Release;
		};
/* End XCConfigurationList section */
	};
	rootObject = 2443DC4A18D662CA00C920C1 /* Project object */;
}
